
Microsoft Visual Studio Solution File, Format Version 12.00
# Visual Studio Version 17
VisualStudioVersion = 17.12.35728.132
MinimumVisualStudioVersion = 10.0.40219.1
Project("{FAE04EC0-301F-11D3-BF4B-00C04F79EFBC}") = "InnerKimia.WebAssembly", "InnerKimia.WebAssembly\InnerKimia.WebAssembly.csproj", "{7E85EF3D-3CDB-424E-A1F8-300BE81CB34B}"
EndProject
Project("{FAE04EC0-301F-11D3-BF4B-00C04F79EFBC}") = "InnerKimia.Domain", "InnerKimia.Domain\InnerKimia.Domain.csproj", "{2FA2C85B-78C1-4248-9D28-A4E5595C8001}"
EndProject
Project("{FAE04EC0-301F-11D3-BF4B-00C04F79EFBC}") = "InnerKimia.Application", "InnerKimia.Application\InnerKimia.Application.csproj", "{F53477E3-7F75-41B0-827C-472DA8AD8B1B}"
EndProject
Project("{FAE04EC0-301F-11D3-BF4B-00C04F79EFBC}") = "InnerKimia.Infrastructure", "InnerKimia.Infrastructure\InnerKimia.Infrastructure.csproj", "{AC90FE32-B50A-47BB-9B03-0BCF2E274955}"
EndProject
Global
	GlobalSection(SolutionConfigurationPlatforms) = preSolution
		Debug|Any CPU = Debug|Any CPU
		Release|Any CPU = Release|Any CPU
	EndGlobalSection
	GlobalSection(ProjectConfigurationPlatforms) = postSolution
		{7E85EF3D-3CDB-424E-A1F8-300BE81CB34B}.Debug|Any CPU.ActiveCfg = Debug|Any CPU
		{7E85EF3D-3CDB-424E-A1F8-300BE81CB34B}.Debug|Any CPU.Build.0 = Debug|Any CPU
		{7E85EF3D-3CDB-424E-A1F8-300BE81CB34B}.Release|Any CPU.ActiveCfg = Release|Any CPU
		{7E85EF3D-3CDB-424E-A1F8-300BE81CB34B}.Release|Any CPU.Build.0 = Release|Any CPU
		{2FA2C85B-78C1-4248-9D28-A4E5595C8001}.Debug|Any CPU.ActiveCfg = Debug|Any CPU
		{2FA2C85B-78C1-4248-9D28-A4E5595C8001}.Debug|Any CPU.Build.0 = Debug|Any CPU
		{2FA2C85B-78C1-4248-9D28-A4E5595C8001}.Release|Any CPU.ActiveCfg = Release|Any CPU
		{2FA2C85B-78C1-4248-9D28-A4E5595C8001}.Release|Any CPU.Build.0 = Release|Any CPU
		{F53477E3-7F75-41B0-827C-472DA8AD8B1B}.Debug|Any CPU.ActiveCfg = Debug|Any CPU
		{F53477E3-7F75-41B0-827C-472DA8AD8B1B}.Debug|Any CPU.Build.0 = Debug|Any CPU
		{F53477E3-7F75-41B0-827C-472DA8AD8B1B}.Release|Any CPU.ActiveCfg = Release|Any CPU
		{F53477E3-7F75-41B0-827C-472DA8AD8B1B}.Release|Any CPU.Build.0 = Release|Any CPU
		{AC90FE32-B50A-47BB-9B03-0BCF2E274955}.Debug|Any CPU.ActiveCfg = Debug|Any CPU
		{AC90FE32-B50A-47BB-9B03-0BCF2E274955}.Debug|Any CPU.Build.0 = Debug|Any CPU
		{AC90FE32-B50A-47BB-9B03-0BCF2E274955}.Release|Any CPU.ActiveCfg = Release|Any CPU
		{AC90FE32-B50A-47BB-9B03-0BCF2E274955}.Release|Any CPU.Build.0 = Release|Any CPU
	EndGlobalSection
	GlobalSection(SolutionProperties) = preSolution
		HideSolutionNode = FALSE
	EndGlobalSection
EndGlobal
